github.com/MohammadShoqair/funtemps v0.0.0-20230426115951-8b4cf366f43e h1:AZ3Lz/hUoiXy6ubmeZKCit/4cP2VI1NdHffwNe4o+nA=
github.com/MohammadShoqair/funtemps v0.0.0-20230426115951-8b4cf366f43e/go.mod h1:masFV0xMsi8cBmIKcpS13G38W+R3sFKEYtdC461YgRI=
github.com/MohammadShoqair/is105sem03 v0.0.0-20230426121113-003b7b6304b7 h1:dQWaKrm2KmBKvtw1Fa85R7Ni7d7vka95C2oqgMPCP6U=
github.com/MohammadShoqair/is105sem03 v0.0.0-20230426121113-003b7b6304b7/go.mod h1:45EW1Ez/yIUQH98JkXlP52k6nssAddvPS4zlrs7+T1o=
